PODS:
  - Flutter (1.0.0)
  - isar_flutter_libs (1.0.0):
    - Flutter
  - path_provider (0.0.1):
    - Flutter

DEPENDENCIES:
  - Flutter (from `Flutter`)
  - isar_flutter_libs (from `.symlinks/plugins/isar_flutter_libs/ios`)
  - path_provider (from `.symlinks/plugins/path_provider/ios`)

EXTERNAL SOURCES:
  Flutter:
    :path: Flutter
  isar_flutter_libs:
    :path: ".symlinks/plugins/isar_flutter_libs/ios"
  path_provider:
    :path: ".symlinks/plugins/path_provider/ios"

SPEC CHECKSUMS:
  Flutter: 50d75fe2f02b26cc09d224853bb45737f8b3214a
  isar_flutter_libs: 67eeff84b73aba6de9b50371f67c86cc53e4ee9e
  path_provider: d1e9807085df1f9cc9318206cd649dc0b76be3de

PODFILE CHECKSUM: 80a5bea9f6900750909f6d3fad1d3a0f1e560f5a

COCOAPODS: 1.11.2
